
Microsoft Visual Studio Solution File, Format Version 12.00
# Visual Studio 15
VisualStudioVersion = 15.0.28307.489
MinimumVisualStudioVersion = 10.0.40219.1
Project("{8BC9CEB8-8B4A-11D0-8D11-00A0C91BC942}") = "Sandbox", "Sandbox\Sandbox.vcxproj", "{3A87EAB9-F0FF-4C31-905F-E3D07BF021FF}"
	ProjectSection(ProjectDependencies) = postProject
		{C737C239-3A40-4388-9C61-6CF779025785} = {C737C239-3A40-4388-9C61-6CF779025785}
	EndProjectSection
EndProject
Project("{8BC9CEB8-8B4A-11D0-8D11-00A0C91BC942}") = "Sparky-core", "Sparky-core\Sparky-core.vcxproj", "{C737C239-3A40-4388-9C61-6CF779025785}"
EndProject
Project("{8BC9CEB8-8B4A-11D0-8D11-00A0C91BC942}") = "libvorbis", "Dependencies\libvorbis\libvorbis.vcxproj", "{8ED62764-0D19-40AC-BC88-E82AADF1189B}"
EndProject
Project("{8BC9CEB8-8B4A-11D0-8D11-00A0C91BC942}") = "libogg", "Dependencies\libogg\libogg.vcxproj", "{54CE06E0-6313-4F5E-8BDA-4E7815C8743C}"
EndProject
Project("{2150E333-8FDC-42A3-9474-1A3956D46DE8}") = "Dependencies", "Dependencies", "{CDF953E8-D5D6-4797-AA4A-5C7D86DE1F64}"
EndProject
Project("{8BC9CEB8-8B4A-11D0-8D11-00A0C91BC942}") = "Box2D", "Dependencies\Box2D\Box2D.vcxproj", "{BCE9869C-CDE3-4935-99AB-4522493CE0B3}"
EndProject
Project("{8BC9CEB8-8B4A-11D0-8D11-00A0C91BC942}") = "FreeType", "Dependencies\FreeType\FreeType.vcxproj", "{1B0BC2C5-1A09-4017-BDF5-9F9C1718BFE7}"
EndProject
Project("{8BC9CEB8-8B4A-11D0-8D11-00A0C91BC942}") = "gorilla-audio", "Dependencies\gorilla-audio\gorilla-audio.vcxproj", "{E9A0F826-3688-4461-8E49-7CCC543F9E40}"
EndProject
Project("{8BC9CEB8-8B4A-11D0-8D11-00A0C91BC942}") = "FreeImage", "Dependencies\FreeImage\FreeImage.vcxproj", "{6F2FF135-E343-4138-A6FB-2D1F2540A3F8}"
EndProject
Global
	GlobalSection(SolutionConfigurationPlatforms) = preSolution
		Debug|Win32 = Debug|Win32
		Release|Win32 = Release|Win32
	EndGlobalSection
	GlobalSection(ProjectConfigurationPlatforms) = postSolution
		{3A87EAB9-F0FF-4C31-905F-E3D07BF021FF}.Debug|Win32.ActiveCfg = Debug|Win32
		{3A87EAB9-F0FF-4C31-905F-E3D07BF021FF}.Debug|Win32.Build.0 = Debug|Win32
		{3A87EAB9-F0FF-4C31-905F-E3D07BF021FF}.Release|Win32.ActiveCfg = Release|Win32
		{3A87EAB9-F0FF-4C31-905F-E3D07BF021FF}.Release|Win32.Build.0 = Release|Win32
		{C737C239-3A40-4388-9C61-6CF779025785}.Debug|Win32.ActiveCfg = Release|Win32
		{C737C239-3A40-4388-9C61-6CF779025785}.Debug|Win32.Build.0 = Release|Win32
		{C737C239-3A40-4388-9C61-6CF779025785}.Release|Win32.ActiveCfg = Release|Win32
		{C737C239-3A40-4388-9C61-6CF779025785}.Release|Win32.Build.0 = Release|Win32
		{8ED62764-0D19-40AC-BC88-E82AADF1189B}.Debug|Win32.ActiveCfg = Debug|Win32
		{8ED62764-0D19-40AC-BC88-E82AADF1189B}.Debug|Win32.Build.0 = Debug|Win32
		{8ED62764-0D19-40AC-BC88-E82AADF1189B}.Release|Win32.ActiveCfg = Release|Win32
		{8ED62764-0D19-40AC-BC88-E82AADF1189B}.Release|Win32.Build.0 = Release|Win32
		{54CE06E0-6313-4F5E-8BDA-4E7815C8743C}.Debug|Win32.ActiveCfg = Debug|Win32
		{54CE06E0-6313-4F5E-8BDA-4E7815C8743C}.Debug|Win32.Build.0 = Debug|Win32
		{54CE06E0-6313-4F5E-8BDA-4E7815C8743C}.Release|Win32.ActiveCfg = Release|Win32
		{54CE06E0-6313-4F5E-8BDA-4E7815C8743C}.Release|Win32.Build.0 = Release|Win32
		{BCE9869C-CDE3-4935-99AB-4522493CE0B3}.Debug|Win32.ActiveCfg = Debug|Win32
		{BCE9869C-CDE3-4935-99AB-4522493CE0B3}.Debug|Win32.Build.0 = Debug|Win32
		{BCE9869C-CDE3-4935-99AB-4522493CE0B3}.Release|Win32.ActiveCfg = Release|Win32
		{BCE9869C-CDE3-4935-99AB-4522493CE0B3}.Release|Win32.Build.0 = Release|Win32
		{1B0BC2C5-1A09-4017-BDF5-9F9C1718BFE7}.Debug|Win32.ActiveCfg = Debug|Win32
		{1B0BC2C5-1A09-4017-BDF5-9F9C1718BFE7}.Debug|Win32.Build.0 = Debug|Win32
		{1B0BC2C5-1A09-4017-BDF5-9F9C1718BFE7}.Release|Win32.ActiveCfg = Release|Win32
		{1B0BC2C5-1A09-4017-BDF5-9F9C1718BFE7}.Release|Win32.Build.0 = Release|Win32
		{E9A0F826-3688-4461-8E49-7CCC543F9E40}.Debug|Win32.ActiveCfg = Debug|Win32
		{E9A0F826-3688-4461-8E49-7CCC543F9E40}.Debug|Win32.Build.0 = Debug|Win32
		{E9A0F826-3688-4461-8E49-7CCC543F9E40}.Release|Win32.ActiveCfg = Release|Win32
		{E9A0F826-3688-4461-8E49-7CCC543F9E40}.Release|Win32.Build.0 = Release|Win32
		{6F2FF135-E343-4138-A6FB-2D1F2540A3F8}.Debug|Win32.ActiveCfg = Debug|Win32
		{6F2FF135-E343-4138-A6FB-2D1F2540A3F8}.Debug|Win32.Build.0 = Debug|Win32
		{6F2FF135-E343-4138-A6FB-2D1F2540A3F8}.Release|Win32.ActiveCfg = Release|Win32
		{6F2FF135-E343-4138-A6FB-2D1F2540A3F8}.Release|Win32.Build.0 = Release|Win32
	EndGlobalSection
	GlobalSection(SolutionProperties) = preSolution
		HideSolutionNode = FALSE
	EndGlobalSection
	GlobalSection(NestedProjects) = preSolution
		{8ED62764-0D19-40AC-BC88-E82AADF1189B} = {CDF953E8-D5D6-4797-AA4A-5C7D86DE1F64}
		{54CE06E0-6313-4F5E-8BDA-4E7815C8743C} = {CDF953E8-D5D6-4797-AA4A-5C7D86DE1F64}
		{BCE9869C-CDE3-4935-99AB-4522493CE0B3} = {CDF953E8-D5D6-4797-AA4A-5C7D86DE1F64}
		{1B0BC2C5-1A09-4017-BDF5-9F9C1718BFE7} = {CDF953E8-D5D6-4797-AA4A-5C7D86DE1F64}
		{E9A0F826-3688-4461-8E49-7CCC543F9E40} = {CDF953E8-D5D6-4797-AA4A-5C7D86DE1F64}
		{6F2FF135-E343-4138-A6FB-2D1F2540A3F8} = {CDF953E8-D5D6-4797-AA4A-5C7D86DE1F64}
	EndGlobalSection
	GlobalSection(ExtensibilityGlobals) = postSolution
		SolutionGuid = {19111C62-6399-4574-A4B8-7B6ADECAE227}
	EndGlobalSection
EndGlobal
